
Microsoft Visual Studio Solution File, Format Version 12.00
# Visual Studio Version 17
VisualStudioVersion = 17.1.32210.238
MinimumVisualStudioVersion = 10.0.40219.1
Project("{FAE04EC0-301F-11D3-BF4B-00C04F79EFBC}") = "demoapp", "demoapp\demoapp.csproj", "{264E2C6C-4687-4F94-8659-6A656FE970DB}"
EndProject
Global
	GlobalSection(SolutionConfigurationPlatforms) = preSolution
		Debug|Any CPU = Debug|Any CPU
		Release|Any CPU = Release|Any CPU
	EndGlobalSection
	GlobalSection(ProjectConfigurationPlatforms) = postSolution
		{264E2C6C-4687-4F94-8659-6A656FE970DB}.Debug|Any CPU.ActiveCfg = Debug|Any CPU
		{264E2C6C-4687-4F94-8659-6A656FE970DB}.Debug|Any CPU.Build.0 = Debug|Any CPU
		{264E2C6C-4687-4F94-8659-6A656FE970DB}.Release|Any CPU.ActiveCfg = Release|Any CPU
		{264E2C6C-4687-4F94-8659-6A656FE970DB}.Release|Any CPU.Build.0 = Release|Any CPU
	EndGlobalSection
	GlobalSection(SolutionProperties) = preSolution
		HideSolutionNode = FALSE
	EndGlobalSection
	GlobalSection(ExtensibilityGlobals) = postSolution
		SolutionGuid = {3D72AE45-46A0-48D1-971F-A094DDD47F9C}
	EndGlobalSection
EndGlobal
